
Microsoft Visual Studio Solution File, Format Version 12.00
# Visual Studio 15
VisualStudioVersion = 15.0.28307.902
MinimumVisualStudioVersion = 10.0.40219.1
Project("{FAE04EC0-301F-11D3-BF4B-00C04F79EFBC}") = "AgeEstimatorSharp", "AgeEstimatorSharp\AgeEstimatorSharp.csproj", "{22D0363C-40F8-467D-BCE5-276119B2B7AB}"
EndProject
Project("{FAE04EC0-301F-11D3-BF4B-00C04F79EFBC}") = "Sample", "Sample\Sample.csproj", "{A962ECAA-58E5-4A4D-8EC1-325EFF1820A9}"
EndProject
Global
	GlobalSection(SolutionConfigurationPlatforms) = preSolution
		Debug|Any CPU = Debug|Any CPU
		Debug|x64 = Debug|x64
		Release|Any CPU = Release|Any CPU
		Release|x64 = Release|x64
	EndGlobalSection
	GlobalSection(ProjectConfigurationPlatforms) = postSolution
		{22D0363C-40F8-467D-BCE5-276119B2B7AB}.Debug|Any CPU.ActiveCfg = Debug|Any CPU
		{22D0363C-40F8-467D-BCE5-276119B2B7AB}.Debug|Any CPU.Build.0 = Debug|Any CPU
		{22D0363C-40F8-467D-BCE5-276119B2B7AB}.Debug|x64.ActiveCfg = Debug|x64
		{22D0363C-40F8-467D-BCE5-276119B2B7AB}.Debug|x64.Build.0 = Debug|x64
		{22D0363C-40F8-467D-BCE5-276119B2B7AB}.Release|Any CPU.ActiveCfg = Release|Any CPU
		{22D0363C-40F8-467D-BCE5-276119B2B7AB}.Release|Any CPU.Build.0 = Release|Any CPU
		{22D0363C-40F8-467D-BCE5-276119B2B7AB}.Release|x64.ActiveCfg = Release|x64
		{22D0363C-40F8-467D-BCE5-276119B2B7AB}.Release|x64.Build.0 = Release|x64
		{A962ECAA-58E5-4A4D-8EC1-325EFF1820A9}.Debug|Any CPU.ActiveCfg = Debug|Any CPU
		{A962ECAA-58E5-4A4D-8EC1-325EFF1820A9}.Debug|Any CPU.Build.0 = Debug|Any CPU
		{A962ECAA-58E5-4A4D-8EC1-325EFF1820A9}.Debug|x64.ActiveCfg = Debug|x64
		{A962ECAA-58E5-4A4D-8EC1-325EFF1820A9}.Debug|x64.Build.0 = Debug|x64
		{A962ECAA-58E5-4A4D-8EC1-325EFF1820A9}.Release|Any CPU.ActiveCfg = Release|Any CPU
		{A962ECAA-58E5-4A4D-8EC1-325EFF1820A9}.Release|Any CPU.Build.0 = Release|Any CPU
		{A962ECAA-58E5-4A4D-8EC1-325EFF1820A9}.Release|x64.ActiveCfg = Release|x64
		{A962ECAA-58E5-4A4D-8EC1-325EFF1820A9}.Release|x64.Build.0 = Release|x64
	EndGlobalSection
	GlobalSection(SolutionProperties) = preSolution
		HideSolutionNode = FALSE
	EndGlobalSection
	GlobalSection(ExtensibilityGlobals) = postSolution
		SolutionGuid = {2986ED27-2436-4FA1-B7AD-F04D821158BF}
	EndGlobalSection
EndGlobal
